
Microsoft Visual Studio Solution File, Format Version 12.00
# Visual Studio Version 17
VisualStudioVersion = 17.2.32630.192
MinimumVisualStudioVersion = 10.0.40219.1
Project("{FAE04EC0-301F-11D3-BF4B-00C04F79EFBC}") = "DISC", "DISC\DISC.csproj", "{8B429CEB-B2F9-413F-AF1F-9DFF9D2D7BC9}"
EndProject
Global
	GlobalSection(SolutionConfigurationPlatforms) = preSolution
		Debug|Any CPU = Debug|Any CPU
		Release|Any CPU = Release|Any CPU
	EndGlobalSection
	GlobalSection(ProjectConfigurationPlatforms) = postSolution
		{8B429CEB-B2F9-413F-AF1F-9DFF9D2D7BC9}.Debug|Any CPU.ActiveCfg = Debug|Any CPU
		{8B429CEB-B2F9-413F-AF1F-9DFF9D2D7BC9}.Debug|Any CPU.Build.0 = Debug|Any CPU
		{8B429CEB-B2F9-413F-AF1F-9DFF9D2D7BC9}.Release|Any CPU.ActiveCfg = Release|Any CPU
		{8B429CEB-B2F9-413F-AF1F-9DFF9D2D7BC9}.Release|Any CPU.Build.0 = Release|Any CPU
	EndGlobalSection
	GlobalSection(SolutionProperties) = preSolution
		HideSolutionNode = FALSE
	EndGlobalSection
	GlobalSection(ExtensibilityGlobals) = postSolution
		SolutionGuid = {0802A912-C6DB-409F-B41E-B489530FB8D6}
	EndGlobalSection
EndGlobal
